{
  "name": "@tinhuynh13/tea-quest-5",
  "version": "1.0.2",
  "lockfileVersion": 3,
  "requires": true,
  "packages": {
    "": {
      "name": "@tinhuynh13/tea-quest-5",
      "version": "1.0.2",
      "license": "ISC",
      "dependencies": {
        "@tinhuynh13/tea-quest-3": "^1.0.0",
        "@tinhuynh13/tea-quest-4": "^1.0.2",
        "@tinhuynh13/tea-quest-de": "^2.2.0",
        "@tinhuynh13/tea-xyz-quest": "^3.0.0",
        "package-lock.json": "^1.0.0"
      }
    },
    "node_modules/@tinhuynh13/tea-quest-3": {
      "version": "1.0.0",
      "resolved": "https://registry.npmjs.org/@tinhuynh13/tea-quest-3/-/tea-quest-3-1.0.0.tgz",
      "integrity": "sha512-MaFbyAR0RM3jVZB87tYbZNda+Fx0N4SohSDw9rjHmppWa+0P1ACNnENO3wtM1+OPPptJMoihOwu8e6oQqTfbVA==",
      "dependencies": {
        "@tinhuynh13/tea-quest-de": "^2.2.0",
        "@tinhuynh13/tea-xyz-quest": "^3.0.0",
        "package-lock.json": "^1.0.0"
      }
    },
    "node_modules/@tinhuynh13/tea-quest-4": {
      "version": "1.0.2",
      "resolved": "https://registry.npmjs.org/@tinhuynh13/tea-quest-4/-/tea-quest-4-1.0.2.tgz",
      "integrity": "sha512-VIO915QwJTtEpxzXMdRG1+FjE2J5upFCdnpCSRPCfoaJT2N+JFI168NmyULyOW8pjRwnDIrMbR9B3EqaPH5MFg==",
      "dependencies": {
        "@tinhuynh13/tea-quest-3": "^1.0.0",
        "@tinhuynh13/tea-quest-de": "^2.2.0",
        "@tinhuynh13/tea-xyz-quest": "^3.0.0",
        "package-lock.json": "^1.0.0"
      }
    },
    "node_modules/@tinhuynh13/tea-quest-de": {
      "version": "2.2.0",
      "resolved": "https://registry.npmjs.org/@tinhuynh13/tea-quest-de/-/tea-quest-de-2.2.0.tgz",
      "integrity": "sha512-qbHEM1432vCs9bPJM65o79nq8FftS651V/tTa3EvAaX2uGyi9wGcYKzFQ7fq1GDYT1QN5GyZaB2F6Ax4zYwKTg==",
      "dependencies": {
        "@tinhuynh13/tea-xyz-quest": "^1.0.0"
      }
    },
    "node_modules/@tinhuynh13/tea-quest-de/node_modules/@tinhuynh13/tea-xyz-quest": {
      "version": "1.0.0",
      "resolved": "https://registry.npmjs.org/@tinhuynh13/tea-xyz-quest/-/tea-xyz-quest-1.0.0.tgz",
      "integrity": "sha512-beJ6gCAVcpkBU34LuanTetxzgqVxA3YJ0gs+0RjnTwM7iL/Sok0+IgT49NU3+g5sB78CSaDkDhzv21yOhEs+LQ=="
    },
    "node_modules/@tinhuynh13/tea-xyz-quest": {
      "version": "3.0.0",
      "resolved": "https://registry.npmjs.org/@tinhuynh13/tea-xyz-quest/-/tea-xyz-quest-3.0.0.tgz",
      "integrity": "sha512-svgYbEoUTMhZ4ihkNz1LLiL3ANZEEg3u8V6BRxgdebN+mBK/IIwTDaGPaisTxn5EeDLNxyVNLaR342FD5RC/Bg==",
      "dependencies": {
        "@tinhuynh13/tea-quest-de": "^2.2.0",
        "package-lock.json": "^1.0.0"
      }
    },
    "node_modules/package-lock.json": {
      "version": "1.0.0",
      "resolved": "https://registry.npmjs.org/package-lock.json/-/package-lock.json-1.0.0.tgz",
      "integrity": "sha512-+yEXtNdlCs5N0Zy/9uvkifgf/RqnGu0WqP4j9Wu1Us4YReFe1YNBh2Krmf8B1xGxjpYnta63K55QP8bkafnOzA=="
    }
  }
}
